
Microsoft Visual Studio Solution File, Format Version 12.00
# Visual Studio 15
VisualStudioVersion = 15.0.28307.1525
MinimumVisualStudioVersion = 10.0.40219.1
Project("{FAE04EC0-301F-11D3-BF4B-00C04F79EFBC}") = "ADO_NET_PROJECT", "ADO_NET_PROJECT\ADO_NET_PROJECT.csproj", "{D5B65E20-1B63-4759-B604-2654B2AA8052}"
EndProject
Global
	GlobalSection(SolutionConfigurationPlatforms) = preSolution
		Debug|Any CPU = Debug|Any CPU
		Release|Any CPU = Release|Any CPU
	EndGlobalSection
	GlobalSection(ProjectConfigurationPlatforms) = postSolution
		{D5B65E20-1B63-4759-B604-2654B2AA8052}.Debug|Any CPU.ActiveCfg = Debug|Any CPU
		{D5B65E20-1B63-4759-B604-2654B2AA8052}.Debug|Any CPU.Build.0 = Debug|Any CPU
		{D5B65E20-1B63-4759-B604-2654B2AA8052}.Release|Any CPU.ActiveCfg = Release|Any CPU
		{D5B65E20-1B63-4759-B604-2654B2AA8052}.Release|Any CPU.Build.0 = Release|Any CPU
	EndGlobalSection
	GlobalSection(SolutionProperties) = preSolution
		HideSolutionNode = FALSE
	EndGlobalSection
	GlobalSection(ExtensibilityGlobals) = postSolution
		SolutionGuid = {F4A8DD7F-E83B-4276-902D-4B0EAC53AC4D}
	EndGlobalSection
EndGlobal
